
Microsoft Visual Studio Solution File, Format Version 12.00
# Visual Studio Version 17
VisualStudioVersion = 17.1.32210.238
MinimumVisualStudioVersion = 10.0.40219.1
Project("{FAE04EC0-301F-11D3-BF4B-00C04F79EFBC}") = "ExpensiveControlApp", "ExpensiveControlApp\ExpensiveControlApp.csproj", "{CBDEC1F1-B683-44CA-A6D9-E56205FD7ACA}"
EndProject
Global
	GlobalSection(SolutionConfigurationPlatforms) = preSolution
		Debug|Any CPU = Debug|Any CPU
		Release|Any CPU = Release|Any CPU
	EndGlobalSection
	GlobalSection(ProjectConfigurationPlatforms) = postSolution
		{CBDEC1F1-B683-44CA-A6D9-E56205FD7ACA}.Debug|Any CPU.ActiveCfg = Debug|Any CPU
		{CBDEC1F1-B683-44CA-A6D9-E56205FD7ACA}.Debug|Any CPU.Build.0 = Debug|Any CPU
		{CBDEC1F1-B683-44CA-A6D9-E56205FD7ACA}.Release|Any CPU.ActiveCfg = Release|Any CPU
		{CBDEC1F1-B683-44CA-A6D9-E56205FD7ACA}.Release|Any CPU.Build.0 = Release|Any CPU
	EndGlobalSection
	GlobalSection(SolutionProperties) = preSolution
		HideSolutionNode = FALSE
	EndGlobalSection
	GlobalSection(ExtensibilityGlobals) = postSolution
		SolutionGuid = {D4E8970B-F7DD-487E-9A2C-7F7EB3EE223A}
	EndGlobalSection
EndGlobal
